// !$*UTF8*$!
{
	archiveVersion = 1;
	classes = {
	};
	objectVersion = 48;
	objects = {

/* Begin PBXBuildFile section */
		4CFB10DC204FC83C0053C27C /* AppDelegate.swift in Sources */ = {isa = PBXBuildFile; fileRef = 4CFB10DB204FC83C0053C27C /* AppDelegate.swift */; };
		4CFB10DE204FC83C0053C27C /* ViewController.swift in Sources */ = {isa = PBXBuildFile; fileRef = 4CFB10DD204FC83C0053C27C /* ViewController.swift */; };
		4CFB10E1204FC83C0053C27C /* Main.storyboard in Resources */ = {isa = PBXBuildFile; fileRef = 4CFB10DF204FC83C0053C27C /* Main.storyboard */; };
		4CFB10E3204FC83C0053C27C /* Assets.xcassets in Resources */ = {isa = PBXBuildFile; fileRef = 4CFB10E2204FC83C0053C27C /* Assets.xcassets */; };
		4CFB10E6204FC83C0053C27C /* LaunchScreen.storyboard in Resources */ = {isa = PBXBuildFile; fileRef = 4CFB10E4204FC83C0053C27C /* LaunchScreen.storyboard */; };
		4CFB10EF204FC8830053C27C /* AuthCoordinator.swift in Sources */ = {isa = PBXBuildFile; fileRef = 4CFB10EE204FC8830053C27C /* AuthCoordinator.swift */; };
		4CFB10F2204FC9C70053C27C /* CoordinatorDelegate.swift in Sources */ = {isa = PBXBuildFile; fileRef = 4CFB10F1204FC9C70053C27C /* CoordinatorDelegate.swift */; };
/* End PBXBuildFile section */

/* Begin PBXFileReference section */
		4CFB10D8204FC83C0053C27C /* CoordinatorDemo.app */ = {isa = PBXFileReference; explicitFileType = wrapper.application; includeInIndex = 0; path = CoordinatorDemo.app; sourceTree = BUILT_PRODUCTS_DIR; };
		4CFB10DB204FC83C0053C27C /* AppDelegate.swift */ = {isa = PBXFileReference; lastKnownFileType = sourcecode.swift; path = AppDelegate.swift; sourceTree = "<group>"; };
		4CFB10DD204FC83C0053C27C /* ViewController.swift */ = {isa = PBXFileReference; lastKnownFileType = sourcecode.swift; path = ViewController.swift; sourceTree = "<group>"; };
		4CFB10E0204FC83C0053C27C /* Base */ = {isa = PBXFileReference; lastKnownFileType = file.storyboard; name = Base; path = Base.lproj/Main.storyboard; sourceTree = "<group>"; };
		4CFB10E2204FC83C0053C27C /* Assets.xcassets */ = {isa = PBXFileReference; lastKnownFileType = folder.assetcatalog; path = Assets.xcassets; sourceTree = "<group>"; };
		4CFB10E5204FC83C0053C27C /* Base */ = {isa = PBXFileReference; lastKnownFileType = file.storyboard; name = Base; path = Base.lproj/LaunchScreen.storyboard; sourceTree = "<group>"; };
		4CFB10E7204FC83C0053C27C /* Info.plist */ = {isa = PBXFileReference; lastKnownFileType = text.plist.xml; path = Info.plist; sourceTree = "<group>"; };
		4CFB10EE204FC8830053C27C /* AuthCoordinator.swift */ = {isa = PBXFileReference; lastKnownFileType = sourcecode.swift; path = AuthCoordinator.swift; sourceTree = "<group>"; };
		4CFB10F1204FC9C70053C27C /* CoordinatorDelegate.swift */ = {isa = PBXFileReference; lastKnownFileType = sourcecode.swift; path = CoordinatorDelegate.swift; sourceTree = "<group>"; };
/* End PBXFileReference section */

/* Begin PBXFrameworksBuildPhase section */
		4CFB10D5204FC83C0053C27C /* Frameworks */ = {
			isa = PBXFrameworksBuildPhase;
			buildActionMask = 2147483647;
			files = (
			);
			runOnlyForDeploymentPostprocessing = 0;
		};
/* End PBXFrameworksBuildPhase section */

/* Begin PBXGroup section */
		4CFB10CF204FC83C0053C27C = {
			isa = PBXGroup;
			children = (
				4CFB10DA204FC83C0053C27C /* CoordinatorDemo */,
				4CFB10D9204FC83C0053C27C /* Products */,
			);
			sourceTree = "<group>";
		};
		4CFB10D9204FC83C0053C27C /* Products */ = {
			isa = PBXGroup;
			children = (
				4CFB10D8204FC83C0053C27C /* CoordinatorDemo.app */,
			);
			name = Products;
			sourceTree = "<group>";
		};
		4CFB10DA204FC83C0053C27C /* CoordinatorDemo */ = {
			isa = PBXGroup;
			children = (
				4CFB10F0204FC9B30053C27C /* CoordinatorDelegate */,
				4CFB10ED204FC8750053C27C /* Coordinator */,
				4CFB10DB204FC83C0053C27C /* AppDelegate.swift */,
				4CFB10DD204FC83C0053C27C /* ViewController.swift */,
				4CFB10DF204FC83C0053C27C /* Main.storyboard */,
				4CFB10E2204FC83C0053C27C /* Assets.xcassets */,
				4CFB10E4204FC83C0053C27C /* LaunchScreen.storyboard */,
				4CFB10E7204FC83C0053C27C /* Info.plist */,
			);
			path = CoordinatorDemo;
			sourceTree = "<group>";
		};
		4CFB10ED204FC8750053C27C /* Coordinator */ = {
			isa = PBXGroup;
			children = (
				4CFB10EE204FC8830053C27C /* AuthCoordinator.swift */,
			);
			path = Coordinator;
			sourceTree = "<group>";
		};
		4CFB10F0204FC9B30053C27C /* CoordinatorDelegate */ = {
			isa = PBXGroup;
			children = (
				4CFB10F1204FC9C70053C27C /* CoordinatorDelegate.swift */,
			);
			path = CoordinatorDelegate;
			sourceTree = "<group>";
		};
/* End PBXGroup section */

/* Begin PBXNativeTarget section */
		4CFB10D7204FC83C0053C27C /* CoordinatorDemo */ = {
			isa = PBXNativeTarget;
			buildConfigurationList = 4CFB10EA204FC83C0053C27C /* Build configuration list for PBXNativeTarget "CoordinatorDemo" */;
			buildPhases = (
				4CFB10D4204FC83C0053C27C /* Sources */,
				4CFB10D5204FC83C0053C27C /* Frameworks */,
				4CFB10D6204FC83C0053C27C /* Resources */,
			);
			buildRules = (
			);
			dependencies = (
			);
			name = CoordinatorDemo;
			productName = CoordinatorDemo;
			productReference = 4CFB10D8204FC83C0053C27C /* CoordinatorDemo.app */;
			productType = "com.apple.product-type.application";
		};
/* End PBXNativeTarget section */

/* Begin PBXProject section */
		4CFB10D0204FC83C0053C27C /* Project object */ = {
			isa = PBXProject;
			attributes = {
				LastSwiftUpdateCheck = 0920;
				LastUpgradeCheck = 0920;
				ORGANIZATIONNAME = zhu.bingyi;
				TargetAttributes = {
					4CFB10D7204FC83C0053C27C = {
						CreatedOnToolsVersion = 9.2;
						ProvisioningStyle = Automatic;
					};
				};
			};
			buildConfigurationList = 4CFB10D3204FC83C0053C27C /* Build configuration list for PBXProject "CoordinatorDemo" */;
			compatibilityVersion = "Xcode 8.0";
			developmentRegion = en;
			hasScannedForEncodings = 0;
			knownRegions = (
				en,
				Base,
			);
			mainGroup = 4CFB10CF204FC83C0053C27C;
			productRefGroup = 4CFB10D9204FC83C0053C27C /* Products */;
			projectDirPath = "";
			projectRoot = "";
			targets = (
				4CFB10D7204FC83C0053C27C /* CoordinatorDemo */,
			);
		};
/* End PBXProject section */

/* Begin PBXResourcesBuildPhase section */
		4CFB10D6204FC83C0053C27C /* Resources */ = {
			isa = PBXResourcesBuildPhase;
			buildActionMask = 2147483647;
			files = (
				4CFB10E6204FC83C0053C27C /* LaunchScreen.storyboard in Resources */,
				4CFB10E3204FC83C0053C27C /* Assets.xcassets in Resources */,
				4CFB10E1204FC83C0053C27C /* Main.storyboard in Resources */,
			);
			runOnlyForDeploymentPostprocessing = 0;
		};
/* End PBXResourcesBuildPhase section */

/* Begin PBXSourcesBuildPhase section */
		4CFB10D4204FC83C0053C27C /* Sources */ = {
			isa = PBXSourcesBuildPhase;
			buildActionMask = 2147483647;
			files = (
				4CFB10DE204FC83C0053C27C /* ViewController.swift in Sources */,
				4CFB10EF204FC8830053C27C /* AuthCoordinator.swift in Sources */,
				4CFB10DC204FC83C0053C27C /* AppDelegate.swift in Sources */,
				4CFB10F2204FC9C70053C27C /* CoordinatorDelegate.swift in Sources */,
			);
			runOnlyForDeploymentPostprocessing = 0;
		};
/* End PBXSourcesBuildPhase section */

/* Begin PBXVariantGroup section */
		4CFB10DF204FC83C0053C27C /* Main.storyboard */ = {
			isa = PBXVariantGroup;
			children = (
				4CFB10E0204FC83C0053C27C /* Base */,
			);
			name = Main.storyboard;
			sourceTree = "<group>";
		};
		4CFB10E4204FC83C0053C27C /* LaunchScreen.storyboard */ = {
			isa = PBXVariantGroup;
			children = (
				4CFB10E5204FC83C0053C27C /* Base */,
			);
			name = LaunchScreen.storyboard;
			sourceTree = "<group>";
		};
/* End PBXVariantGroup section */

/* Begin XCBuildConfiguration section */
		4CFB10E8204FC83C0053C27C /* Debug */ = {
			isa = XCBuildConfiguration;
			buildSettings = {
				ALWAYS_SEARCH_USER_PATHS = NO;
				CLANG_ANALYZER_NONNULL = YES;
				CLANG_ANALYZER_NUMBER_OBJECT_CONVERSION = YES_AGGRESSIVE;
				CLANG_CXX_LANGUAGE_STANDARD = "gnu++14";
				CLANG_CXX_LIBRARY = "libc++";
				CLANG_ENABLE_MODULES = YES;
				CLANG_ENABLE_OBJC_ARC = YES;
				CLANG_WARN_BLOCK_CAPTURE_AUTORELEASING = YES;
				CLANG_WARN_BOOL_CONVERSION = YES;
				CLANG_WARN_COMMA = YES;
				CLANG_WARN_CONSTANT_CONVERSION = YES;
				CLANG_WARN_DIRECT_OBJC_ISA_USAGE = YES_ERROR;
				CLANG_WARN_DOCUMENTATION_COMMENTS = YES;
				CLANG_WARN_EMPTY_BODY = YES;
				CLANG_WARN_ENUM_CONVERSION = YES;
				CLANG_WARN_INFINITE_RECURSION = YES;
				CLANG_WARN_INT_CONVERSION = YES;
				CLANG_WARN_NON_LITERAL_NULL_CONVERSION = YES;
				CLANG_WARN_OBJC_LITERAL_CONVERSION = YES;
				CLANG_WARN_OBJC_ROOT_CLASS = YES_ERROR;
				CLANG_WARN_RANGE_LOOP_ANALYSIS = YES;
				CLANG_WARN_STRICT_PROTOTYPES = YES;
				CLANG_WARN_SUSPICIOUS_MOVE = YES;
				CLANG_WARN_UNGUARDED_AVAILABILITY = YES_AGGRESSIVE;
				CLANG_WARN_UNREACHABLE_CODE = YES;
				CLANG_WARN__DUPLICATE_METHOD_MATCH = YES;
				CODE_SIGN_IDENTITY = "iPhone Developer";
				COPY_PHASE_STRIP = NO;
				DEBUG_INFORMATION_FORMAT = dwarf;
				ENABLE_STRICT_OBJC_MSGSEND = YES;
				ENABLE_TESTABILITY = YES;
				GCC_C_LANGUAGE_STANDARD = gnu11;
				GCC_DYNAMIC_NO_PIC = NO;
				GCC_NO_COMMON_BLOCKS = YES;
				GCC_OPTIMIZATION_LEVEL = 0;
				GCC_PREPROCESSOR_DEFINITIONS = (
					"DEBUG=1",
					"$(inherited)",
				);
				GCC_WARN_64_TO_32_BIT_CONVERSION = YES;
				GCC_WARN_ABOUT_RETURN_TYPE = YES_ERROR;
				GCC_WARN_UNDECLARED_SELECTOR = YES;
				GCC_WARN_UNINITIALIZED_AUTOS = YES_AGGRESSIVE;
				GCC_WARN_UNUSED_FUNCTION = YES;
				GCC_WARN_UNUSED_VARIABLE = YES;
				IPHONEOS_DEPLOYMENT_TARGET = 11.2;
				MTL_ENABLE_DEBUG_INFO = YES;
				ONLY_ACTIVE_ARCH = YES;
				SDKROOT = iphoneos;
				SWIFT_ACTIVE_COMPILATION_CONDITIONS = DEBUG;
				SWIFT_OPTIMIZATION_LEVEL = "-Onone";
			};
			name = Debug;
		};
		4CFB10E9204FC83C0053C27C /* Release */ = {
			isa = XCBuildConfiguration;
			buildSettings = {
				ALWAYS_SEARCH_USER_PATHS = NO;
				CLANG_ANALYZER_NONNULL = YES;
				CLANG_ANALYZER_NUMBER_OBJECT_CONVERSION = YES_AGGRESSIVE;
				CLANG_CXX_LANGUAGE_STANDARD = "gnu++14";
				CLANG_CXX_LIBRARY = "libc++";
				CLANG_ENABLE_MODULES = YES;
				CLANG_ENABLE_OBJC_ARC = YES;
				CLANG_WARN_BLOCK_CAPTURE_AUTORELEASING = YES;
				CLANG_WARN_BOOL_CONVERSION = YES;
				CLANG_WARN_COMMA = YES;
				CLANG_WARN_CONSTANT_CONVERSION = YES;
				CLANG_WARN_DIRECT_OBJC_ISA_USAGE = YES_ERROR;
				CLANG_WARN_DOCUMENTATION_COMMENTS = YES;
				CLANG_WARN_EMPTY_BODY = YES;
				CLANG_WARN_ENUM_CONVERSION = YES;
				CLANG_WARN_INFINITE_RECURSION = YES;
				CLANG_WARN_INT_CONVERSION = YES;
				CLANG_WARN_NON_LITERAL_NULL_CONVERSION = YES;
				CLANG_WARN_OBJC_LITERAL_CONVERSION = YES;
				CLANG_WARN_OBJC_ROOT_CLASS = YES_ERROR;
				CLANG_WARN_RANGE_LOOP_ANALYSIS = YES;
				CLANG_WARN_STRICT_PROTOTYPES = YES;
				CLANG_WARN_SUSPICIOUS_MOVE = YES;
				CLANG_WARN_UNGUARDED_AVAILABILITY = YES_AGGRESSIVE;
				CLANG_WARN_UNREACHABLE_CODE = YES;
				CLANG_WARN__DUPLICATE_METHOD_MATCH = YES;
				CODE_SIGN_IDENTITY = "iPhone Developer";
				COPY_PHASE_STRIP = NO;
				DEBUG_INFORMATION_FORMAT = "dwarf-with-dsym";
				ENABLE_NS_ASSERTIONS = NO;
				ENABLE_STRICT_OBJC_MSGSEND = YES;
				GCC_C_LANGUAGE_STANDARD = gnu11;
				GCC_NO_COMMON_BLOCKS = YES;
				GCC_WARN_64_TO_32_BIT_CONVERSION = YES;
				GCC_WARN_ABOUT_RETURN_TYPE = YES_ERROR;
				GCC_WARN_UNDECLARED_SELECTOR = YES;
				GCC_WARN_UNINITIALIZED_AUTOS = YES_AGGRESSIVE;
				GCC_WARN_UNUSED_FUNCTION = YES;
				GCC_WARN_UNUSED_VARIABLE = YES;
				IPHONEOS_DEPLOYMENT_TARGET = 11.2;
				MTL_ENABLE_DEBUG_INFO = NO;
				SDKROOT = iphoneos;
				SWIFT_OPTIMIZATION_LEVEL = "-Owholemodule";
				VALIDATE_PRODUCT = YES;
			};
			name = Release;
		};
		4CFB10EB204FC83C0053C27C /* Debug */ = {
			isa = XCBuildConfiguration;
			buildSettings = {
				ASSETCATALOG_COMPILER_APPICON_NAME = AppIcon;
				CODE_SIGN_STYLE = Automatic;
				DEVELOPMENT_TEAM = PF4FM2G4XA;
				INFOPLIST_FILE = CoordinatorDemo/Info.plist;
				LD_RUNPATH_SEARCH_PATHS = "$(inherited) @executable_path/Frameworks";
				PRODUCT_BUNDLE_IDENTIFIER = com.zhubingyi.CoordinatorDemo;
				PRODUCT_NAME = "$(TARGET_NAME)";
				SWIFT_VERSION = 4.0;
				TARGETED_DEVICE_FAMILY = "1,2";
			};
			name = Debug;
		};
		4CFB10EC204FC83C0053C27C /* Release */ = {
			isa = XCBuildConfiguration;
			buildSettings = {
				ASSETCATALOG_COMPILER_APPICON_NAME = AppIcon;
				CODE_SIGN_STYLE = Automatic;
				DEVELOPMENT_TEAM = PF4FM2G4XA;
				INFOPLIST_FILE = CoordinatorDemo/Info.plist;
				LD_RUNPATH_SEARCH_PATHS = "$(inherited) @executable_path/Frameworks";
				PRODUCT_BUNDLE_IDENTIFIER = com.zhubingyi.CoordinatorDemo;
				PRODUCT_NAME = "$(TARGET_NAME)";
				SWIFT_VERSION = 4.0;
				TARGETED_DEVICE_FAMILY = "1,2";
			};
			name = Release;
		};
/* End XCBuildConfiguration section */

/* Begin XCConfigurationList section */
		4CFB10D3204FC83C0053C27C /* Build configuration list for PBXProject "CoordinatorDemo" */ = {
			isa = XCConfigurationList;
			buildConfigurations = (
				4CFB10E8204FC83C0053C27C /* Debug */,
				4CFB10E9204FC83C0053C27C /* Release */,
			);
			defaultConfigurationIsVisible = 0;
			defaultConfigurationName = Release;
		};
		4CFB10EA204FC83C0053C27C /* Build configuration list for PBXNativeTarget "CoordinatorDemo" */ = {
			isa = XCConfigurationList;
			buildConfigurations = (
				4CFB10EB204FC83C0053C27C /* Debug */,
				4CFB10EC204FC83C0053C27C /* Release */,
			);
			defaultConfigurationIsVisible = 0;
			defaultConfigurationName = Release;
		};
/* End XCConfigurationList section */
	};
	rootObject = 4CFB10D0204FC83C0053C27C /* Project object */;
}
